{
  "version": 1,
  "dependencies": {
    "net10.0": {
      "Azure.Identity": {
        "type": "Direct",
        "requested": "[1.11.4, )",
        "resolved": "1.11.4",
        "contentHash": "Sf4BoE6Q3jTgFkgBkx7qztYOFELBCo+wQgpYDwal/qJ1unBH73ywPztIJKXBXORRzAeNijsuxhk94h0TIMvfYg==",
        "dependencies": {
          "Azure.Core": "1.38.0",
          "Microsoft.Identity.Client": "4.61.3",
          "Microsoft.Identity.Client.Extensions.Msal": "4.61.3",
          "System.Security.Cryptography.ProtectedData": "4.7.0"
        }
      },
      "Microsoft.Azure.WebJobs.Extensions.OpenApi.Core": {
        "type": "Direct",
        "requested": "[1.5.1, )",
        "resolved": "1.5.1",
        "contentHash": "JbzBl45/1J+q0H1KTt471KtObzX2a2ObKvZK4yBZRsLw9qyehabZqWxjnEiT8q0Jw1DLat5nTrjul1741DRhng==",
        "dependencies": {
          "Microsoft.Azure.WebJobs.Extensions.Http": "3.2.0",
          "Microsoft.Azure.WebJobs.Extensions.OpenApi.Configuration.AppSettings": "1.5.1",
          "Microsoft.OpenApi": "1.2.3",
          "Newtonsoft.Json": "13.0.1"
        }
      },
      "Microsoft.Graph": {
        "type": "Direct",
        "requested": "[4.50.0, )",
        "resolved": "4.50.0",
        "contentHash": "yqIbVnbMnA6Q2NmpS88twCtAyNzA72jnFrAPoUa795DZV+Y1FRrk8n5U3kjl4ScwLE90WsJ8e46/CzKQRfi06Q==",
        "dependencies": {
          "Microsoft.Graph.Core": "2.0.14"
        }
      },
      "Newtonsoft.Json": {
        "type": "Direct",
        "requested": "[13.0.1, )",
        "resolved": "13.0.1",
        "contentHash": "ppPFpBcvxdsfUonNcvITKqLl3bqxWbDCZIzDWHzjpdAHRFfZe0Dw9HmA0+za13IdyrgJwpkDTDA9fHaxOrt20A=="
      },
      "Azure.Core": {
        "type": "Transitive",
        "resolved": "1.38.0",
        "contentHash": "IuEgCoVA0ef7E4pQtpC3+TkPbzaoQfa77HlfJDmfuaJUCVJmn7fT0izamZiryW5sYUFKizsftIxMkXKbgIcPMQ==",
        "dependencies": {
          "Microsoft.Bcl.AsyncInterfaces": "1.1.1",
          "System.ClientModel": "1.0.0",
          "System.Memory.Data": "1.0.2"
        }
      },
      "Microsoft.AspNet.WebApi.Client": {
        "type": "Transitive",
        "resolved": "5.2.8",
        "contentHash": "dkGLm30CxLieMlUO+oQpJw77rDs0IIx/w3lIHsp+8X94HXCsUfLYuFmlZPsQDItC0O2l1ZlWeKLkZX7ZiNRekw==",
        "dependencies": {
          "Newtonsoft.Json": "10.0.1",
          "Newtonsoft.Json.Bson": "1.0.1"
        }
      },
      "Microsoft.AspNetCore.Mvc.WebApiCompatShim": {
        "type": "Transitive",
        "resolved": "2.2.0",
        "contentHash": "YKovpp46Fgah0N8H4RGb+7x9vdjj50mS3NON910pYJFQmn20Cd1mYVkTunjy/DrZpvwmJ8o5Es0VnONSYVXEAQ==",
        "dependencies": {
          "Microsoft.AspNet.WebApi.Client": "5.2.6"
        }
      },
      "Microsoft.Azure.WebJobs": {
        "type": "Transitive",
        "resolved": "3.0.32",
        "contentHash": "uN8GsFqPFHHcSrwwj/+0tGe6F6cOwugqUiePPw7W3TL9YC594+Hw8GBK5S/fcDWXacqvRRGf9nDX8xP94/Yiyw==",
        "dependencies": {
          "Microsoft.Azure.WebJobs.Core": "3.0.32",
          "Newtonsoft.Json": "11.0.2",
          "System.Memory.Data": "1.0.1"
        }
      },
      "Microsoft.Azure.WebJobs.Core": {
        "type": "Transitive",
        "resolved": "3.0.32",
        "contentHash": "pW5lyF0Tno1cC2VkmBLyv7E3o5ObDdbn3pfpUpKdksJo9ysCdQTpgc0Ib99wPHca6BgvoglicGbDYXuatanMfg==",
        "dependencies": {
          "System.ComponentModel.Annotations": "4.4.0"
        }
      },
      "Microsoft.Azure.WebJobs.Extensions.Http": {
        "type": "Transitive",
        "resolved": "3.2.0",
        "contentHash": "IXLuo5fOliOYKUZjWO5kQ/j3XblM9TNnk1agjzNYkubpDXq6M436GihaVzwTeQlX279P3G1KquS6I+b7pXaFuQ==",
        "dependencies": {
          "Microsoft.AspNet.WebApi.Client": "5.2.8",
          "Microsoft.AspNetCore.Mvc.WebApiCompatShim": "2.2.0",
          "Microsoft.Azure.WebJobs": "3.0.32"
        }
      },
      "Microsoft.Azure.WebJobs.Extensions.OpenApi.Configuration.AppSettings": {
        "type": "Transitive",
        "resolved": "1.5.1",
        "contentHash": "fxCeaobDiszTKBGcrsKzv7OFPU8gasWlsDp6PECeSQNYt72BGztflR2PluV9LcVHwzlsgmIcIxbozo2d0AuIWw=="
      },
      "Microsoft.Bcl.AsyncInterfaces": {
        "type": "Transitive",
        "resolved": "1.1.1",
        "contentHash": "yuvf07qFWFqtK3P/MRkEKLhn5r2UbSpVueRziSqj0yJQIKFwG1pq9mOayK3zE5qZCTs0CbrwL9M6R8VwqyGy2w=="
      },
      "Microsoft.Graph.Core": {
        "type": "Transitive",
        "resolved": "2.0.14",
        "contentHash": "N0NXi+Y0QBb7I7gdu49wTeOtOxEhQmqGACgaoASSpF0Rr4yNwbOCArb5aNqk1fBU9vLT2k6adfykPkVgyGGY9Q==",
        "dependencies": {
          "Azure.Core": "1.25.0",
          "Microsoft.Identity.Client": "4.47.2",
          "Microsoft.IdentityModel.Protocols.OpenIdConnect": "6.23.1"
        }
      },
      "Microsoft.Identity.Client": {
        "type": "Transitive",
        "resolved": "4.61.3",
        "contentHash": "naJo/Qm35Caaoxp5utcw+R8eU8ZtLz2ALh8S+gkekOYQ1oazfCQMWVT4NJ/FnHzdIJlm8dMz0oMpMGCabx5odA==",
        "dependencies": {
          "Microsoft.IdentityModel.Abstractions": "6.35.0"
        }
      },
      "Microsoft.Identity.Client.Extensions.Msal": {
        "type": "Transitive",
        "resolved": "4.61.3",
        "contentHash": "PWnJcznrSGr25MN8ajlc2XIDW4zCFu0U6FkpaNLEWLgd1NgFCp5uDY3mqLDgM8zCN8hqj8yo5wHYfLB2HjcdGw==",
        "dependencies": {
          "Microsoft.Identity.Client": "4.61.3",
          "System.Security.Cryptography.ProtectedData": "4.5.0"
        }
      },
      "Microsoft.IdentityModel.Abstractions": {
        "type": "Transitive",
        "resolved": "6.35.0",
        "contentHash": "xuR8E4Rd96M41CnUSCiOJ2DBh+z+zQSmyrYHdYhD6K4fXBcQGVnRCFQ0efROUYpP+p0zC1BLKr0JRpVuujTZSg=="
      },
      "Microsoft.IdentityModel.JsonWebTokens": {
        "type": "Transitive",
        "resolved": "6.23.1",
        "contentHash": "Tfa2g1b6wE9Ds3MG/LivoRjk9+FAiPE24kMpTK0vbUt03t44zfVNz9O1QU/yf6Ic5hfk+DrY9huPxg7EeTYBGg==",
        "dependencies": {
          "Microsoft.IdentityModel.Tokens": "6.23.1"
        }
      },
      "Microsoft.IdentityModel.Logging": {
        "type": "Transitive",
        "resolved": "6.23.1",
        "contentHash": "SF+1itC0kQDMvfo8jzWYfQ1mkt5CZsC8/KYMjt6N9LAP7sCCKdZkkJHgvat+DxTfZATBtcvJ6tGyEaiVR1ASUg==",
        "dependencies": {
          "Microsoft.IdentityModel.Abstractions": "6.23.1"
        }
      },
      "Microsoft.IdentityModel.Protocols": {
        "type": "Transitive",
        "resolved": "6.23.1",
        "contentHash": "d2lZVBpWvzZIYNQr+F+nAX1tS4LgwbDZFbiOKexN92OkecCWYpp6yPv6m9yaKeFwPelzE6GrSGuIxrfPfo3Hyg==",
        "dependencies": {
          "Microsoft.IdentityModel.Logging": "6.23.1",
          "Microsoft.IdentityModel.Tokens": "6.23.1"
        }
      },
      "Microsoft.IdentityModel.Protocols.OpenIdConnect": {
        "type": "Transitive",
        "resolved": "6.23.1",
        "contentHash": "XBUe3i6UxdNTYDBZLpDkZXEsj/Z/SRAlG4X9tp7JP/RGNclf+SpL++nAwY8Map2cimsrOuabdl0aGiQ5r/WAuQ==",
        "dependencies": {
          "Microsoft.IdentityModel.Protocols": "6.23.1",
          "System.IdentityModel.Tokens.Jwt": "6.23.1"
        }
      },
      "Microsoft.IdentityModel.Tokens": {
        "type": "Transitive",
        "resolved": "6.23.1",
        "contentHash": "hPPOGGIZRFl8QxZfc4Saa56Q4RrpBoT7E+VgW9qdHoiRm/ieh1aSaeXhp3uNh8EBkO92skiav2I4AUxwtBDHgA==",
        "dependencies": {
          "Microsoft.IdentityModel.Logging": "6.23.1"
        }
      },
      "Microsoft.NETCore.Platforms": {
        "type": "Transitive",
        "resolved": "1.1.0",
        "contentHash": "kz0PEW2lhqygehI/d6XsPCQzD7ff7gUJaVGPVETX611eadGsA3A877GdSlU0LRVMCTH/+P3o2iDTak+S08V2+A=="
      },
      "Microsoft.OpenApi": {
        "type": "Transitive",
        "resolved": "1.2.3",
        "contentHash": "Nug3rO+7Kl5/SBAadzSMAVgqDlfGjJZ0GenQrLywJ84XGKO0uRqkunz5Wyl0SDwcR71bAATXvSdbdzPrYRYKGw=="
      },
      "NETStandard.Library": {
        "type": "Transitive",
        "resolved": "1.6.1",
        "contentHash": "WcSp3+vP+yHNgS8EV5J7pZ9IRpeDuARBPN28by8zqff1wJQXm26PVU8L3/fYLBJVU7BtDyqNVWq2KlCVvSSR4A==",
        "dependencies": {
          "Microsoft.NETCore.Platforms": "1.1.0"
        }
      },
      "Newtonsoft.Json.Bson": {
        "type": "Transitive",
        "resolved": "1.0.1",
        "contentHash": "5PYT/IqQ+UK31AmZiSS102R6EsTo+LGTSI8bp7WAUqDKaF4wHXD8U9u4WxTI1vc64tYi++8p3dk3WWNqPFgldw==",
        "dependencies": {
          "NETStandard.Library": "1.6.1",
          "Newtonsoft.Json": "10.0.1"
        }
      },
      "System.ClientModel": {
        "type": "Transitive",
        "resolved": "1.0.0",
        "contentHash": "I3CVkvxeqFYjIVEP59DnjbeoGNfo/+SZrCLpRz2v/g0gpCHaEMPtWSY0s9k/7jR1rAsLNg2z2u1JRB76tPjnIw==",
        "dependencies": {
          "System.Memory.Data": "1.0.2"
        }
      },
      "System.ComponentModel.Annotations": {
        "type": "Transitive",
        "resolved": "4.4.0",
        "contentHash": "29K3DQ+IGU7LBaMjTo7SI7T7X/tsMtLvz1p56LJ556Iu0Dw3pKZw5g8yCYCWMRxrOF0Hr0FU0FwW0o42y2sb3A=="
      },
      "System.IdentityModel.Tokens.Jwt": {
        "type": "Transitive",
        "resolved": "6.23.1",
        "contentHash": "f/bzIDc2ie8jIMprqM6icfy0JGZqaFxhiENjoDS1lQur/jjanrfzwo2xTcod0ADoILPi9RywfE8hI6Wg8BHxkw==",
        "dependencies": {
          "Microsoft.IdentityModel.JsonWebTokens": "6.23.1",
          "Microsoft.IdentityModel.Tokens": "6.23.1"
        }
      },
      "System.Memory.Data": {
        "type": "Transitive",
        "resolved": "1.0.2",
        "contentHash": "JGkzeqgBsiZwKJZ1IxPNsDFZDhUvuEdX8L8BDC8N3KOj+6zMcNU28CNN59TpZE/VJYy9cP+5M+sbxtWJx3/xtw=="
      },
      "System.Security.Cryptography.ProtectedData": {
        "type": "Transitive",
        "resolved": "4.7.0",
        "contentHash": "ehYW0m9ptxpGWvE4zgqongBVWpSDU/JCFD4K7krxkQwSz/sFQjEXCUqpvencjy6DYDbn7Ig09R8GFffu8TtneQ=="
      },
      "carbonawarecomputing": {
        "type": "Project"
      }
    }
  }
}