
Microsoft Visual Studio Solution File, Format Version 12.00
# Visual Studio Version 17
VisualStudioVersion = 17.5.33502.453
MinimumVisualStudioVersion = 10.0.40219.1
Project("{9A19103F-16F7-4668-BE54-9A1E7A4F7556}") = "CarbonAwareComputing", "CarbonAwareComputing\CarbonAwareComputing.csproj", "{A9315047-8FA8-4F9D-A46B-C9D0D11A6C6C}"
EndProject
Project("{9A19103F-16F7-4668-BE54-9A1E7A4F7556}") = "CarbonAwareComputing.ExecutionForecast.Function", "CarbonAwareComputing.ExecutionForecast.Function\CarbonAwareComputing.ExecutionForecast.Function.csproj", "{E32A9A7A-17CD-41EE-8B15-75A33D27268F}"
EndProject
Project("{9A19103F-16F7-4668-BE54-9A1E7A4F7556}") = "CarbonAwareComputing.ForecastUpdater.Function", "CarbonAwareComputing.ForecastUpdater.Function\CarbonAwareComputing.ForecastUpdater.Function.csproj", "{67918CA5-B410-4B1F-9583-E4254C2976C4}"
EndProject
Project("{9A19103F-16F7-4668-BE54-9A1E7A4F7556}") = "CarbonAwareComputing.ForecastUpdater", "CarbonAwareComputing.ForecastUpdater\CarbonAwareComputing.ForecastUpdater.csproj", "{44A07509-6846-4A3C-A7A7-468D40DC69F1}"
EndProject
Project("{9A19103F-16F7-4668-BE54-9A1E7A4F7556}") = "CarbonAwareComputing.ForecastUpdater.Test", "..\tests\CarbonAwareComputing.ForecastUpdater.Test\CarbonAwareComputing.ForecastUpdater.Test.csproj", "{998B891E-1D71-4F1C-9883-821D36200E44}"
EndProject
Project("{9A19103F-16F7-4668-BE54-9A1E7A4F7556}") = "CarbonAwareComputing.ForecastDownloader", "..\tools\CarbonAwareComputing.ForecastDownloader\CarbonAwareComputing.ForecastDownloader.csproj", "{69C08C6F-4812-4146-AB92-0A037B3FE1AF}"
EndProject
Project("{9A19103F-16F7-4668-BE54-9A1E7A4F7556}") = "CarbonAwareComputing.ExecutionForecast.Test", "..\tests\CarbonAwareComputing.ExecutionForecast.Test\CarbonAwareComputing.ExecutionForecast.Test.csproj", "{A5696AC6-B3C0-454A-B042-C6A114BCC958}"
EndProject
Project("{9A19103F-16F7-4668-BE54-9A1E7A4F7556}") = "CarbonAwareComputing.Functions", "CarbonAwareComputing.Functions\CarbonAwareComputing.Functions.csproj", "{0F5EBBDD-565D-47CE-A50A-07833C15845C}"
EndProject
Project("{FAE04EC0-301F-11D3-BF4B-00C04F79EFBC}") = "CarbonAwareComputing.GridCarbonIntensity.Function", "CarbonAwareComputing.GridCarbonIntensity.Function\CarbonAwareComputing.GridCarbonIntensity.Function.csproj", "{5464CF1F-2309-4A6F-BA81-AA56D2115325}"
EndProject
Global
	GlobalSection(SolutionConfigurationPlatforms) = preSolution
		Debug|Any CPU = Debug|Any CPU
		Release|Any CPU = Release|Any CPU
	EndGlobalSection
	GlobalSection(ProjectConfigurationPlatforms) = postSolution
		{A9315047-8FA8-4F9D-A46B-C9D0D11A6C6C}.Debug|Any CPU.ActiveCfg = Debug|Any CPU
		{A9315047-8FA8-4F9D-A46B-C9D0D11A6C6C}.Debug|Any CPU.Build.0 = Debug|Any CPU
		{A9315047-8FA8-4F9D-A46B-C9D0D11A6C6C}.Release|Any CPU.ActiveCfg = Release|Any CPU
		{A9315047-8FA8-4F9D-A46B-C9D0D11A6C6C}.Release|Any CPU.Build.0 = Release|Any CPU
		{E32A9A7A-17CD-41EE-8B15-75A33D27268F}.Debug|Any CPU.ActiveCfg = Debug|Any CPU
		{E32A9A7A-17CD-41EE-8B15-75A33D27268F}.Debug|Any CPU.Build.0 = Debug|Any CPU
		{E32A9A7A-17CD-41EE-8B15-75A33D27268F}.Release|Any CPU.ActiveCfg = Release|Any CPU
		{E32A9A7A-17CD-41EE-8B15-75A33D27268F}.Release|Any CPU.Build.0 = Release|Any CPU
		{67918CA5-B410-4B1F-9583-E4254C2976C4}.Debug|Any CPU.ActiveCfg = Debug|Any CPU
		{67918CA5-B410-4B1F-9583-E4254C2976C4}.Debug|Any CPU.Build.0 = Debug|Any CPU
		{67918CA5-B410-4B1F-9583-E4254C2976C4}.Release|Any CPU.ActiveCfg = Release|Any CPU
		{67918CA5-B410-4B1F-9583-E4254C2976C4}.Release|Any CPU.Build.0 = Release|Any CPU
		{44A07509-6846-4A3C-A7A7-468D40DC69F1}.Debug|Any CPU.ActiveCfg = Debug|Any CPU
		{44A07509-6846-4A3C-A7A7-468D40DC69F1}.Debug|Any CPU.Build.0 = Debug|Any CPU
		{44A07509-6846-4A3C-A7A7-468D40DC69F1}.Release|Any CPU.ActiveCfg = Release|Any CPU
		{44A07509-6846-4A3C-A7A7-468D40DC69F1}.Release|Any CPU.Build.0 = Release|Any CPU
		{998B891E-1D71-4F1C-9883-821D36200E44}.Debug|Any CPU.ActiveCfg = Debug|Any CPU
		{998B891E-1D71-4F1C-9883-821D36200E44}.Debug|Any CPU.Build.0 = Debug|Any CPU
		{998B891E-1D71-4F1C-9883-821D36200E44}.Release|Any CPU.ActiveCfg = Release|Any CPU
		{998B891E-1D71-4F1C-9883-821D36200E44}.Release|Any CPU.Build.0 = Release|Any CPU
		{69C08C6F-4812-4146-AB92-0A037B3FE1AF}.Debug|Any CPU.ActiveCfg = Debug|Any CPU
		{69C08C6F-4812-4146-AB92-0A037B3FE1AF}.Debug|Any CPU.Build.0 = Debug|Any CPU
		{69C08C6F-4812-4146-AB92-0A037B3FE1AF}.Release|Any CPU.ActiveCfg = Release|Any CPU
		{69C08C6F-4812-4146-AB92-0A037B3FE1AF}.Release|Any CPU.Build.0 = Release|Any CPU
		{A5696AC6-B3C0-454A-B042-C6A114BCC958}.Debug|Any CPU.ActiveCfg = Debug|Any CPU
		{A5696AC6-B3C0-454A-B042-C6A114BCC958}.Debug|Any CPU.Build.0 = Debug|Any CPU
		{A5696AC6-B3C0-454A-B042-C6A114BCC958}.Release|Any CPU.ActiveCfg = Release|Any CPU
		{A5696AC6-B3C0-454A-B042-C6A114BCC958}.Release|Any CPU.Build.0 = Release|Any CPU
		{0F5EBBDD-565D-47CE-A50A-07833C15845C}.Debug|Any CPU.ActiveCfg = Debug|Any CPU
		{0F5EBBDD-565D-47CE-A50A-07833C15845C}.Debug|Any CPU.Build.0 = Debug|Any CPU
		{0F5EBBDD-565D-47CE-A50A-07833C15845C}.Release|Any CPU.ActiveCfg = Release|Any CPU
		{0F5EBBDD-565D-47CE-A50A-07833C15845C}.Release|Any CPU.Build.0 = Release|Any CPU
		{5464CF1F-2309-4A6F-BA81-AA56D2115325}.Debug|Any CPU.ActiveCfg = Debug|Any CPU
		{5464CF1F-2309-4A6F-BA81-AA56D2115325}.Debug|Any CPU.Build.0 = Debug|Any CPU
		{5464CF1F-2309-4A6F-BA81-AA56D2115325}.Release|Any CPU.ActiveCfg = Release|Any CPU
		{5464CF1F-2309-4A6F-BA81-AA56D2115325}.Release|Any CPU.Build.0 = Release|Any CPU
	EndGlobalSection
	GlobalSection(SolutionProperties) = preSolution
		HideSolutionNode = FALSE
	EndGlobalSection
	GlobalSection(ExtensibilityGlobals) = postSolution
		SolutionGuid = {20A37FE4-E497-437C-9457-E5C49AB22FAC}
	EndGlobalSection
EndGlobal
